
Microsoft Visual Studio Solution File, Format Version 12.00
# Visual Studio Version 17
VisualStudioVersion = 17.11.35327.3
MinimumVisualStudioVersion = 10.0.40219.1
Project("{FAE04EC0-301F-11D3-BF4B-00C04F79EFBC}") = "WebApplication1", "WebApplication1\WebApplication1.csproj", "{E443A360-BF13-47F8-8E13-A249E99AC444}"
EndProject
Global
	GlobalSection(SolutionConfigurationPlatforms) = preSolution
		Debug|Any CPU = Debug|Any CPU
		Release|Any CPU = Release|Any CPU
	EndGlobalSection
	GlobalSection(ProjectConfigurationPlatforms) = postSolution
		{E443A360-BF13-47F8-8E13-A249E99AC444}.Debug|Any CPU.ActiveCfg = Debug|Any CPU
		{E443A360-BF13-47F8-8E13-A249E99AC444}.Debug|Any CPU.Build.0 = Debug|Any CPU
		{E443A360-BF13-47F8-8E13-A249E99AC444}.Release|Any CPU.ActiveCfg = Release|Any CPU
		{E443A360-BF13-47F8-8E13-A249E99AC444}.Release|Any CPU.Build.0 = Release|Any CPU
	EndGlobalSection
	GlobalSection(SolutionProperties) = preSolution
		HideSolutionNode = FALSE
	EndGlobalSection
	GlobalSection(ExtensibilityGlobals) = postSolution
		SolutionGuid = {650353C1-4A89-47B9-9870-256EA93EF64F}
	EndGlobalSection
EndGlobal
